// !$*UTF8*$!
{
	archiveVersion = 1;
	classes = {
	};
	objectVersion = 48;
	objects = {

/* Begin PBXBuildFile section */
		31FBEB188DB205F11553AEE2 /* Pods_Final_Project.framework in Frameworks */ = {isa = PBXBuildFile; fileRef = 74E5D554858BD3BC3FA16145 /* Pods_Final_Project.framework */; };
		3410408C1FCF653F00A522EF /* AppDelegate.swift in Sources */ = {isa = PBXBuildFile; fileRef = 3410408B1FCF653F00A522EF /* AppDelegate.swift */; };
		3410408E1FCF653F00A522EF /* ViewController.swift in Sources */ = {isa = PBXBuildFile; fileRef = 3410408D1FCF653F00A522EF /* ViewController.swift */; };
		341040931FCF653F00A522EF /* Assets.xcassets in Resources */ = {isa = PBXBuildFile; fileRef = 341040921FCF653F00A522EF /* Assets.xcassets */; };
		341040961FCF653F00A522EF /* LaunchScreen.storyboard in Resources */ = {isa = PBXBuildFile; fileRef = 341040941FCF653F00A522EF /* LaunchScreen.storyboard */; };
		3410409E1FCF866E00A522EF /* ArticleCell.swift in Sources */ = {isa = PBXBuildFile; fileRef = 3410409D1FCF866E00A522EF /* ArticleCell.swift */; };
		342992B91FD4F8B700099B32 /* SearchArticle.swift in Sources */ = {isa = PBXBuildFile; fileRef = 342992B81FD4F8B700099B32 /* SearchArticle.swift */; };
		342992BB1FD4FC7100099B32 /* SearchCell.swift in Sources */ = {isa = PBXBuildFile; fileRef = 342992BA1FD4FC7100099B32 /* SearchCell.swift */; };
		346A52F31FDB52B4000BD62B /* DetailVC.swift in Sources */ = {isa = PBXBuildFile; fileRef = 346A52F21FDB52B4000BD62B /* DetailVC.swift */; };
		34A03BBB1FD0B2F90049078E /* Article.swift in Sources */ = {isa = PBXBuildFile; fileRef = 34A03BBA1FD0B2F90049078E /* Article.swift */; };
		34A03BBD1FD224DE0049078E /* NetworkManager.swift in Sources */ = {isa = PBXBuildFile; fileRef = 34A03BBC1FD224DE0049078E /* NetworkManager.swift */; };
		34A03BBF1FD34A950049078E /* Constants.swift in Sources */ = {isa = PBXBuildFile; fileRef = 34A03BBE1FD34A950049078E /* Constants.swift */; };
		34A03BC31FD4E6A20049078E /* SearchViewController.swift in Sources */ = {isa = PBXBuildFile; fileRef = 34A03BC21FD4E6A20049078E /* SearchViewController.swift */; };
		34C006821FD79190006976CD /* MPCell.swift in Sources */ = {isa = PBXBuildFile; fileRef = 34C006811FD79190006976CD /* MPCell.swift */; };
/* End PBXBuildFile section */

/* Begin PBXFileReference section */
		341040881FCF653F00A522EF /* Final Project.app */ = {isa = PBXFileReference; explicitFileType = wrapper.application; includeInIndex = 0; path = "Final Project.app"; sourceTree = BUILT_PRODUCTS_DIR; };
		3410408B1FCF653F00A522EF /* AppDelegate.swift */ = {isa = PBXFileReference; lastKnownFileType = sourcecode.swift; path = AppDelegate.swift; sourceTree = "<group>"; };
		3410408D1FCF653F00A522EF /* ViewController.swift */ = {isa = PBXFileReference; lastKnownFileType = sourcecode.swift; path = ViewController.swift; sourceTree = "<group>"; };
		341040921FCF653F00A522EF /* Assets.xcassets */ = {isa = PBXFileReference; lastKnownFileType = folder.assetcatalog; path = Assets.xcassets; sourceTree = "<group>"; };
		341040951FCF653F00A522EF /* Base */ = {isa = PBXFileReference; lastKnownFileType = file.storyboard; name = Base; path = Base.lproj/LaunchScreen.storyboard; sourceTree = "<group>"; };
		341040971FCF653F00A522EF /* Info.plist */ = {isa = PBXFileReference; lastKnownFileType = text.plist.xml; path = Info.plist; sourceTree = "<group>"; };
		3410409D1FCF866E00A522EF /* ArticleCell.swift */ = {isa = PBXFileReference; lastKnownFileType = sourcecode.swift; path = ArticleCell.swift; sourceTree = "<group>"; };
		342992B81FD4F8B700099B32 /* SearchArticle.swift */ = {isa = PBXFileReference; lastKnownFileType = sourcecode.swift; path = SearchArticle.swift; sourceTree = "<group>"; };
		342992BA1FD4FC7100099B32 /* SearchCell.swift */ = {isa = PBXFileReference; lastKnownFileType = sourcecode.swift; path = SearchCell.swift; sourceTree = "<group>"; };
		346A52F21FDB52B4000BD62B /* DetailVC.swift */ = {isa = PBXFileReference; lastKnownFileType = sourcecode.swift; path = DetailVC.swift; sourceTree = "<group>"; };
		34A03BBA1FD0B2F90049078E /* Article.swift */ = {isa = PBXFileReference; lastKnownFileType = sourcecode.swift; path = Article.swift; sourceTree = "<group>"; };
		34A03BBC1FD224DE0049078E /* NetworkManager.swift */ = {isa = PBXFileReference; lastKnownFileType = sourcecode.swift; path = NetworkManager.swift; sourceTree = "<group>"; };
		34A03BBE1FD34A950049078E /* Constants.swift */ = {isa = PBXFileReference; lastKnownFileType = sourcecode.swift; path = Constants.swift; sourceTree = "<group>"; };
		34A03BC21FD4E6A20049078E /* SearchViewController.swift */ = {isa = PBXFileReference; lastKnownFileType = sourcecode.swift; path = SearchViewController.swift; sourceTree = "<group>"; };
		34C006811FD79190006976CD /* MPCell.swift */ = {isa = PBXFileReference; lastKnownFileType = sourcecode.swift; path = MPCell.swift; sourceTree = "<group>"; };
		74E5D554858BD3BC3FA16145 /* Pods_Final_Project.framework */ = {isa = PBXFileReference; explicitFileType = wrapper.framework; includeInIndex = 0; path = Pods_Final_Project.framework; sourceTree = BUILT_PRODUCTS_DIR; };
		83F36C4375231CC652AA4556 /* Pods-Final Project.release.xcconfig */ = {isa = PBXFileReference; includeInIndex = 1; lastKnownFileType = text.xcconfig; name = "Pods-Final Project.release.xcconfig"; path = "Pods/Target Support Files/Pods-Final Project/Pods-Final Project.release.xcconfig"; sourceTree = "<group>"; };
		B80EA0F064045CEF4962A16D /* Pods-Final Project.debug.xcconfig */ = {isa = PBXFileReference; includeInIndex = 1; lastKnownFileType = text.xcconfig; name = "Pods-Final Project.debug.xcconfig"; path = "Pods/Target Support Files/Pods-Final Project/Pods-Final Project.debug.xcconfig"; sourceTree = "<group>"; };
/* End PBXFileReference section */

/* Begin PBXFrameworksBuildPhase section */
		341040851FCF653F00A522EF /* Frameworks */ = {
			isa = PBXFrameworksBuildPhase;
			buildActionMask = 2147483647;
			files = (
				31FBEB188DB205F11553AEE2 /* Pods_Final_Project.framework in Frameworks */,
			);
			runOnlyForDeploymentPostprocessing = 0;
		};
/* End PBXFrameworksBuildPhase section */

/* Begin PBXGroup section */
		3410407F1FCF653F00A522EF = {
			isa = PBXGroup;
			children = (
				3410408A1FCF653F00A522EF /* Final Project */,
				341040891FCF653F00A522EF /* Products */,
				60410960E5977B4BC94BD47B /* Pods */,
				466623D447DBF9B32FF682AA /* Frameworks */,
			);
			sourceTree = "<group>";
		};
		341040891FCF653F00A522EF /* Products */ = {
			isa = PBXGroup;
			children = (
				341040881FCF653F00A522EF /* Final Project.app */,
			);
			name = Products;
			sourceTree = "<group>";
		};
		3410408A1FCF653F00A522EF /* Final Project */ = {
			isa = PBXGroup;
			children = (
				3410408B1FCF653F00A522EF /* AppDelegate.swift */,
				3410408D1FCF653F00A522EF /* ViewController.swift */,
				34C006811FD79190006976CD /* MPCell.swift */,
				3410409D1FCF866E00A522EF /* ArticleCell.swift */,
				346A52F21FDB52B4000BD62B /* DetailVC.swift */,
				34A03BC21FD4E6A20049078E /* SearchViewController.swift */,
				342992BA1FD4FC7100099B32 /* SearchCell.swift */,
				34A03BBC1FD224DE0049078E /* NetworkManager.swift */,
				34A03BBA1FD0B2F90049078E /* Article.swift */,
				342992B81FD4F8B700099B32 /* SearchArticle.swift */,
				34A03BBE1FD34A950049078E /* Constants.swift */,
				341040921FCF653F00A522EF /* Assets.xcassets */,
				341040941FCF653F00A522EF /* LaunchScreen.storyboard */,
				341040971FCF653F00A522EF /* Info.plist */,
			);
			path = "Final Project";
			sourceTree = "<group>";
		};
		466623D447DBF9B32FF682AA /* Frameworks */ = {
			isa = PBXGroup;
			children = (
				74E5D554858BD3BC3FA16145 /* Pods_Final_Project.framework */,
			);
			name = Frameworks;
			sourceTree = "<group>";
		};
		60410960E5977B4BC94BD47B /* Pods */ = {
			isa = PBXGroup;
			children = (
				B80EA0F064045CEF4962A16D /* Pods-Final Project.debug.xcconfig */,
				83F36C4375231CC652AA4556 /* Pods-Final Project.release.xcconfig */,
			);
			name = Pods;
			sourceTree = "<group>";
		};
/* End PBXGroup section */

/* Begin PBXNativeTarget section */
		341040871FCF653F00A522EF /* Final Project */ = {
			isa = PBXNativeTarget;
			buildConfigurationList = 3410409A1FCF653F00A522EF /* Build configuration list for PBXNativeTarget "Final Project" */;
			buildPhases = (
				A7B474679E549DBFC341FE1E /* [CP] Check Pods Manifest.lock */,
				341040841FCF653F00A522EF /* Sources */,
				341040851FCF653F00A522EF /* Frameworks */,
				341040861FCF653F00A522EF /* Resources */,
				6CFB25CD1FB8170C6A191E15 /* [CP] Embed Pods Frameworks */,
				58BCECB3B0257880D465A10F /* [CP] Copy Pods Resources */,
			);
			buildRules = (
			);
			dependencies = (
			);
			name = "Final Project";
			productName = "Final Project";
			productReference = 341040881FCF653F00A522EF /* Final Project.app */;
			productType = "com.apple.product-type.application";
		};
/* End PBXNativeTarget section */

/* Begin PBXProject section */
		341040801FCF653F00A522EF /* Project object */ = {
			isa = PBXProject;
			attributes = {
				LastSwiftUpdateCheck = 0910;
				LastUpgradeCheck = 0910;
				ORGANIZATIONNAME = "Theodore Carrel";
				TargetAttributes = {
					341040871FCF653F00A522EF = {
						CreatedOnToolsVersion = 9.1;
						ProvisioningStyle = Automatic;
					};
				};
			};
			buildConfigurationList = 341040831FCF653F00A522EF /* Build configuration list for PBXProject "Final Project" */;
			compatibilityVersion = "Xcode 8.0";
			developmentRegion = en;
			hasScannedForEncodings = 0;
			knownRegions = (
				en,
				Base,
			);
			mainGroup = 3410407F1FCF653F00A522EF;
			productRefGroup = 341040891FCF653F00A522EF /* Products */;
			projectDirPath = "";
			projectRoot = "";
			targets = (
				341040871FCF653F00A522EF /* Final Project */,
			);
		};
/* End PBXProject section */

/* Begin PBXResourcesBuildPhase section */
		341040861FCF653F00A522EF /* Resources */ = {
			isa = PBXResourcesBuildPhase;
			buildActionMask = 2147483647;
			files = (
				341040961FCF653F00A522EF /* LaunchScreen.storyboard in Resources */,
				341040931FCF653F00A522EF /* Assets.xcassets in Resources */,
			);
			runOnlyForDeploymentPostprocessing = 0;
		};
/* End PBXResourcesBuildPhase section */

/* Begin PBXShellScriptBuildPhase section */
		58BCECB3B0257880D465A10F /* [CP] Copy Pods Resources */ = {
			isa = PBXShellScriptBuildPhase;
			buildActionMask = 2147483647;
			files = (
			);
			inputPaths = (
			);
			name = "[CP] Copy Pods Resources";
			outputPaths = (
			);
			runOnlyForDeploymentPostprocessing = 0;
			shellPath = /bin/sh;
			shellScript = "\"${SRCROOT}/Pods/Target Support Files/Pods-Final Project/Pods-Final Project-resources.sh\"\n";
			showEnvVarsInLog = 0;
		};
		6CFB25CD1FB8170C6A191E15 /* [CP] Embed Pods Frameworks */ = {
			isa = PBXShellScriptBuildPhase;
			buildActionMask = 2147483647;
			files = (
			);
			inputPaths = (
				"${SRCROOT}/Pods/Target Support Files/Pods-Final Project/Pods-Final Project-frameworks.sh",
				"${BUILT_PRODUCTS_DIR}/Alamofire/Alamofire.framework",
				"${BUILT_PRODUCTS_DIR}/Presentr/Presentr.framework",
				"${BUILT_PRODUCTS_DIR}/SwiftyJSON/SwiftyJSON.framework",
				"${BUILT_PRODUCTS_DIR}/TransitionButton/TransitionButton.framework",
			);
			name = "[CP] Embed Pods Frameworks";
			outputPaths = (
				"${TARGET_BUILD_DIR}/${FRAMEWORKS_FOLDER_PATH}/Alamofire.framework",
				"${TARGET_BUILD_DIR}/${FRAMEWORKS_FOLDER_PATH}/Presentr.framework",
				"${TARGET_BUILD_DIR}/${FRAMEWORKS_FOLDER_PATH}/SwiftyJSON.framework",
				"${TARGET_BUILD_DIR}/${FRAMEWORKS_FOLDER_PATH}/TransitionButton.framework",
			);
			runOnlyForDeploymentPostprocessing = 0;
			shellPath = /bin/sh;
			shellScript = "\"${SRCROOT}/Pods/Target Support Files/Pods-Final Project/Pods-Final Project-frameworks.sh\"\n";
			showEnvVarsInLog = 0;
		};
		A7B474679E549DBFC341FE1E /* [CP] Check Pods Manifest.lock */ = {
			isa = PBXShellScriptBuildPhase;
			buildActionMask = 2147483647;
			files = (
			);
			inputPaths = (
				"${PODS_PODFILE_DIR_PATH}/Podfile.lock",
				"${PODS_ROOT}/Manifest.lock",
			);
			name = "[CP] Check Pods Manifest.lock";
			outputPaths = (
				"$(DERIVED_FILE_DIR)/Pods-Final Project-checkManifestLockResult.txt",
			);
			runOnlyForDeploymentPostprocessing = 0;
			shellPath = /bin/sh;
			shellScript = "diff \"${PODS_PODFILE_DIR_PATH}/Podfile.lock\" \"${PODS_ROOT}/Manifest.lock\" > /dev/null\nif [ $? != 0 ] ; then\n    # print error to STDERR\n    echo \"error: The sandbox is not in sync with the Podfile.lock. Run 'pod install' or update your CocoaPods installation.\" >&2\n    exit 1\nfi\n# This output is used by Xcode 'outputs' to avoid re-running this script phase.\necho \"SUCCESS\" > \"${SCRIPT_OUTPUT_FILE_0}\"\n";
			showEnvVarsInLog = 0;
		};
/* End PBXShellScriptBuildPhase section */

/* Begin PBXSourcesBuildPhase section */
		341040841FCF653F00A522EF /* Sources */ = {
			isa = PBXSourcesBuildPhase;
			buildActionMask = 2147483647;
			files = (
				34A03BBD1FD224DE0049078E /* NetworkManager.swift in Sources */,
				342992BB1FD4FC7100099B32 /* SearchCell.swift in Sources */,
				34A03BBB1FD0B2F90049078E /* Article.swift in Sources */,
				34A03BC31FD4E6A20049078E /* SearchViewController.swift in Sources */,
				3410408E1FCF653F00A522EF /* ViewController.swift in Sources */,
				346A52F31FDB52B4000BD62B /* DetailVC.swift in Sources */,
				3410408C1FCF653F00A522EF /* AppDelegate.swift in Sources */,
				34C006821FD79190006976CD /* MPCell.swift in Sources */,
				3410409E1FCF866E00A522EF /* ArticleCell.swift in Sources */,
				34A03BBF1FD34A950049078E /* Constants.swift in Sources */,
				342992B91FD4F8B700099B32 /* SearchArticle.swift in Sources */,
			);
			runOnlyForDeploymentPostprocessing = 0;
		};
/* End PBXSourcesBuildPhase section */

/* Begin PBXVariantGroup section */
		341040941FCF653F00A522EF /* LaunchScreen.storyboard */ = {
			isa = PBXVariantGroup;
			children = (
				341040951FCF653F00A522EF /* Base */,
			);
			name = LaunchScreen.storyboard;
			sourceTree = "<group>";
		};
/* End PBXVariantGroup section */

/* Begin XCBuildConfiguration section */
		341040981FCF653F00A522EF /* Debug */ = {
			isa = XCBuildConfiguration;
			buildSettings = {
				ALWAYS_SEARCH_USER_PATHS = NO;
				CLANG_ANALYZER_NONNULL = YES;
				CLANG_ANALYZER_NUMBER_OBJECT_CONVERSION = YES_AGGRESSIVE;
				CLANG_CXX_LANGUAGE_STANDARD = "gnu++14";
				CLANG_CXX_LIBRARY = "libc++";
				CLANG_ENABLE_MODULES = YES;
				CLANG_ENABLE_OBJC_ARC = YES;
				CLANG_WARN_BLOCK_CAPTURE_AUTORELEASING = YES;
				CLANG_WARN_BOOL_CONVERSION = YES;
				CLANG_WARN_COMMA = YES;
				CLANG_WARN_CONSTANT_CONVERSION = YES;
				CLANG_WARN_DIRECT_OBJC_ISA_USAGE = YES_ERROR;
				CLANG_WARN_DOCUMENTATION_COMMENTS = YES;
				CLANG_WARN_EMPTY_BODY = YES;
				CLANG_WARN_ENUM_CONVERSION = YES;
				CLANG_WARN_INFINITE_RECURSION = YES;
				CLANG_WARN_INT_CONVERSION = YES;
				CLANG_WARN_NON_LITERAL_NULL_CONVERSION = YES;
				CLANG_WARN_OBJC_LITERAL_CONVERSION = YES;
				CLANG_WARN_OBJC_ROOT_CLASS = YES_ERROR;
				CLANG_WARN_RANGE_LOOP_ANALYSIS = YES;
				CLANG_WARN_STRICT_PROTOTYPES = YES;
				CLANG_WARN_SUSPICIOUS_MOVE = YES;
				CLANG_WARN_UNGUARDED_AVAILABILITY = YES_AGGRESSIVE;
				CLANG_WARN_UNREACHABLE_CODE = YES;
				CLANG_WARN__DUPLICATE_METHOD_MATCH = YES;
				CODE_SIGN_IDENTITY = "iPhone Developer";
				COPY_PHASE_STRIP = NO;
				DEBUG_INFORMATION_FORMAT = dwarf;
				ENABLE_STRICT_OBJC_MSGSEND = YES;
				ENABLE_TESTABILITY = YES;
				GCC_C_LANGUAGE_STANDARD = gnu11;
				GCC_DYNAMIC_NO_PIC = NO;
				GCC_NO_COMMON_BLOCKS = YES;
				GCC_OPTIMIZATION_LEVEL = 0;
				GCC_PREPROCESSOR_DEFINITIONS = (
					"DEBUG=1",
					"$(inherited)",
				);
				GCC_WARN_64_TO_32_BIT_CONVERSION = YES;
				GCC_WARN_ABOUT_RETURN_TYPE = YES_ERROR;
				GCC_WARN_UNDECLARED_SELECTOR = YES;
				GCC_WARN_UNINITIALIZED_AUTOS = YES_AGGRESSIVE;
				GCC_WARN_UNUSED_FUNCTION = YES;
				GCC_WARN_UNUSED_VARIABLE = YES;
				IPHONEOS_DEPLOYMENT_TARGET = 11.1;
				MTL_ENABLE_DEBUG_INFO = YES;
				ONLY_ACTIVE_ARCH = YES;
				SDKROOT = iphoneos;
				SWIFT_ACTIVE_COMPILATION_CONDITIONS = DEBUG;
				SWIFT_OPTIMIZATION_LEVEL = "-Onone";
			};
			name = Debug;
		};
		341040991FCF653F00A522EF /* Release */ = {
			isa = XCBuildConfiguration;
			buildSettings = {
				ALWAYS_SEARCH_USER_PATHS = NO;
				CLANG_ANALYZER_NONNULL = YES;
				CLANG_ANALYZER_NUMBER_OBJECT_CONVERSION = YES_AGGRESSIVE;
				CLANG_CXX_LANGUAGE_STANDARD = "gnu++14";
				CLANG_CXX_LIBRARY = "libc++";
				CLANG_ENABLE_MODULES = YES;
				CLANG_ENABLE_OBJC_ARC = YES;
				CLANG_WARN_BLOCK_CAPTURE_AUTORELEASING = YES;
				CLANG_WARN_BOOL_CONVERSION = YES;
				CLANG_WARN_COMMA = YES;
				CLANG_WARN_CONSTANT_CONVERSION = YES;
				CLANG_WARN_DIRECT_OBJC_ISA_USAGE = YES_ERROR;
				CLANG_WARN_DOCUMENTATION_COMMENTS = YES;
				CLANG_WARN_EMPTY_BODY = YES;
				CLANG_WARN_ENUM_CONVERSION = YES;
				CLANG_WARN_INFINITE_RECURSION = YES;
				CLANG_WARN_INT_CONVERSION = YES;
				CLANG_WARN_NON_LITERAL_NULL_CONVERSION = YES;
				CLANG_WARN_OBJC_LITERAL_CONVERSION = YES;
				CLANG_WARN_OBJC_ROOT_CLASS = YES_ERROR;
				CLANG_WARN_RANGE_LOOP_ANALYSIS = YES;
				CLANG_WARN_STRICT_PROTOTYPES = YES;
				CLANG_WARN_SUSPICIOUS_MOVE = YES;
				CLANG_WARN_UNGUARDED_AVAILABILITY = YES_AGGRESSIVE;
				CLANG_WARN_UNREACHABLE_CODE = YES;
				CLANG_WARN__DUPLICATE_METHOD_MATCH = YES;
				CODE_SIGN_IDENTITY = "iPhone Developer";
				COPY_PHASE_STRIP = NO;
				DEBUG_INFORMATION_FORMAT = "dwarf-with-dsym";
				ENABLE_NS_ASSERTIONS = NO;
				ENABLE_STRICT_OBJC_MSGSEND = YES;
				GCC_C_LANGUAGE_STANDARD = gnu11;
				GCC_NO_COMMON_BLOCKS = YES;
				GCC_WARN_64_TO_32_BIT_CONVERSION = YES;
				GCC_WARN_ABOUT_RETURN_TYPE = YES_ERROR;
				GCC_WARN_UNDECLARED_SELECTOR = YES;
				GCC_WARN_UNINITIALIZED_AUTOS = YES_AGGRESSIVE;
				GCC_WARN_UNUSED_FUNCTION = YES;
				GCC_WARN_UNUSED_VARIABLE = YES;
				IPHONEOS_DEPLOYMENT_TARGET = 11.1;
				MTL_ENABLE_DEBUG_INFO = NO;
				SDKROOT = iphoneos;
				SWIFT_OPTIMIZATION_LEVEL = "-Owholemodule";
				VALIDATE_PRODUCT = YES;
			};
			name = Release;
		};
		3410409B1FCF653F00A522EF /* Debug */ = {
			isa = XCBuildConfiguration;
			baseConfigurationReference = B80EA0F064045CEF4962A16D /* Pods-Final Project.debug.xcconfig */;
			buildSettings = {
				ASSETCATALOG_COMPILER_APPICON_NAME = AppIcon;
				"CODE_SIGN_IDENTITY[sdk=iphoneos*]" = "iPhone Developer";
				CODE_SIGN_STYLE = Automatic;
				DEVELOPMENT_TEAM = 7A4J2W633S;
				INFOPLIST_FILE = "Final Project/Info.plist";
				IPHONEOS_DEPLOYMENT_TARGET = 11.1;
				LD_RUNPATH_SEARCH_PATHS = "$(inherited) @executable_path/Frameworks";
				PRODUCT_BUNDLE_IDENTIFIER = "com.theodorecarrel.Final-Project";
				PRODUCT_NAME = "$(TARGET_NAME)";
				PROVISIONING_PROFILE_SPECIFIER = "";
				SWIFT_VERSION = 4.0;
				TARGETED_DEVICE_FAMILY = 1;
			};
			name = Debug;
		};
		3410409C1FCF653F00A522EF /* Release */ = {
			isa = XCBuildConfiguration;
			baseConfigurationReference = 83F36C4375231CC652AA4556 /* Pods-Final Project.release.xcconfig */;
			buildSettings = {
				ASSETCATALOG_COMPILER_APPICON_NAME = AppIcon;
				"CODE_SIGN_IDENTITY[sdk=iphoneos*]" = "iPhone Developer";
				CODE_SIGN_STYLE = Automatic;
				DEVELOPMENT_TEAM = 7A4J2W633S;
				INFOPLIST_FILE = "Final Project/Info.plist";
				IPHONEOS_DEPLOYMENT_TARGET = 11.1;
				LD_RUNPATH_SEARCH_PATHS = "$(inherited) @executable_path/Frameworks";
				PRODUCT_BUNDLE_IDENTIFIER = "com.theodorecarrel.Final-Project";
				PRODUCT_NAME = "$(TARGET_NAME)";
				PROVISIONING_PROFILE_SPECIFIER = "";
				SWIFT_VERSION = 4.0;
				TARGETED_DEVICE_FAMILY = 1;
			};
			name = Release;
		};
/* End XCBuildConfiguration section */

/* Begin XCConfigurationList section */
		341040831FCF653F00A522EF /* Build configuration list for PBXProject "Final Project" */ = {
			isa = XCConfigurationList;
			buildConfigurations = (
				341040981FCF653F00A522EF /* Debug */,
				341040991FCF653F00A522EF /* Release */,
			);
			defaultConfigurationIsVisible = 0;
			defaultConfigurationName = Release;
		};
		3410409A1FCF653F00A522EF /* Build configuration list for PBXNativeTarget "Final Project" */ = {
			isa = XCConfigurationList;
			buildConfigurations = (
				3410409B1FCF653F00A522EF /* Debug */,
				3410409C1FCF653F00A522EF /* Release */,
			);
			defaultConfigurationIsVisible = 0;
			defaultConfigurationName = Release;
		};
/* End XCConfigurationList section */
	};
	rootObject = 341040801FCF653F00A522EF /* Project object */;
}
